
Microsoft Visual Studio Solution File, Format Version 12.00
# Visual Studio 15
VisualStudioVersion = 15.0.27004.2002
MinimumVisualStudioVersion = 10.0.40219.1
Project("{FAE04EC0-301F-11D3-BF4B-00C04F79EFBC}") = "oefXMLKlanten", "oefXMLKlanten\oefXMLKlanten.csproj", "{9A7B9A24-38C7-4AAD-9B6E-01C67394BE14}"
EndProject
Global
	GlobalSection(SolutionConfigurationPlatforms) = preSolution
		Debug|Any CPU = Debug|Any CPU
		Release|Any CPU = Release|Any CPU
	EndGlobalSection
	GlobalSection(ProjectConfigurationPlatforms) = postSolution
		{9A7B9A24-38C7-4AAD-9B6E-01C67394BE14}.Debug|Any CPU.ActiveCfg = Debug|Any CPU
		{9A7B9A24-38C7-4AAD-9B6E-01C67394BE14}.Debug|Any CPU.Build.0 = Debug|Any CPU
		{9A7B9A24-38C7-4AAD-9B6E-01C67394BE14}.Release|Any CPU.ActiveCfg = Release|Any CPU
		{9A7B9A24-38C7-4AAD-9B6E-01C67394BE14}.Release|Any CPU.Build.0 = Release|Any CPU
	EndGlobalSection
	GlobalSection(SolutionProperties) = preSolution
		HideSolutionNode = FALSE
	EndGlobalSection
	GlobalSection(ExtensibilityGlobals) = postSolution
		SolutionGuid = {370171B1-0D74-4A29-A275-1CE0770340B2}
	EndGlobalSection
EndGlobal
